
Microsoft Visual Studio Solution File, Format Version 12.00
# Visual Studio Version 16
VisualStudioVersion = 16.0.31729.503
MinimumVisualStudioVersion = 10.0.40219.1
Project("{FAE04EC0-301F-11D3-BF4B-00C04F79EFBC}") = "ArrayList", "ArrayList\ArrayList.csproj", "{FDFAB6F8-3759-4EBE-B5AF-5708DB35705E}"
EndProject
Global
	GlobalSection(SolutionConfigurationPlatforms) = preSolution
		Debug|Any CPU = Debug|Any CPU
		Release|Any CPU = Release|Any CPU
	EndGlobalSection
	GlobalSection(ProjectConfigurationPlatforms) = postSolution
		{FDFAB6F8-3759-4EBE-B5AF-5708DB35705E}.Debug|Any CPU.ActiveCfg = Debug|Any CPU
		{FDFAB6F8-3759-4EBE-B5AF-5708DB35705E}.Debug|Any CPU.Build.0 = Debug|Any CPU
		{FDFAB6F8-3759-4EBE-B5AF-5708DB35705E}.Release|Any CPU.ActiveCfg = Release|Any CPU
		{FDFAB6F8-3759-4EBE-B5AF-5708DB35705E}.Release|Any CPU.Build.0 = Release|Any CPU
	EndGlobalSection
	GlobalSection(SolutionProperties) = preSolution
		HideSolutionNode = FALSE
	EndGlobalSection
	GlobalSection(ExtensibilityGlobals) = postSolution
		SolutionGuid = {431EE7A3-ED0C-4F82-BDF1-9FB6D364CBB3}
	EndGlobalSection
EndGlobal
